
Microsoft Visual Studio Solution File, Format Version 12.00
# Visual Studio Version 17
VisualStudioVersion = 17.8.34525.116
MinimumVisualStudioVersion = 10.0.40219.1
Project("{FAE04EC0-301F-11D3-BF4B-00C04F79EFBC}") = "игра камень-ножницы-бумага", "игра камень-ножницы-бумага\игра камень-ножницы-бумага.csproj", "{DCA0F9A7-C2C4-4140-A16D-3DFF4BA81C8F}"
EndProject
Global
	GlobalSection(SolutionConfigurationPlatforms) = preSolution
		Debug|Any CPU = Debug|Any CPU
		Release|Any CPU = Release|Any CPU
	EndGlobalSection
	GlobalSection(ProjectConfigurationPlatforms) = postSolution
		{DCA0F9A7-C2C4-4140-A16D-3DFF4BA81C8F}.Debug|Any CPU.ActiveCfg = Debug|Any CPU
		{DCA0F9A7-C2C4-4140-A16D-3DFF4BA81C8F}.Debug|Any CPU.Build.0 = Debug|Any CPU
		{DCA0F9A7-C2C4-4140-A16D-3DFF4BA81C8F}.Release|Any CPU.ActiveCfg = Release|Any CPU
		{DCA0F9A7-C2C4-4140-A16D-3DFF4BA81C8F}.Release|Any CPU.Build.0 = Release|Any CPU
	EndGlobalSection
	GlobalSection(SolutionProperties) = preSolution
		HideSolutionNode = FALSE
	EndGlobalSection
	GlobalSection(ExtensibilityGlobals) = postSolution
		SolutionGuid = {8A9D2D2A-BFEA-42E5-AE66-E620CF2C2EDC}
	EndGlobalSection
EndGlobal
