
Microsoft Visual Studio Solution File, Format Version 12.00
# Visual Studio Version 17
VisualStudioVersion = 17.8.34525.116
MinimumVisualStudioVersion = 10.0.40219.1
Project("{FAE04EC0-301F-11D3-BF4B-00C04F79EFBC}") = "Вложенные циклы", "Вложенные циклы\Вложенные циклы.csproj", "{417D6F04-788E-4F95-9519-9987B62D2F19}"
EndProject
Global
	GlobalSection(SolutionConfigurationPlatforms) = preSolution
		Debug|Any CPU = Debug|Any CPU
		Release|Any CPU = Release|Any CPU
	EndGlobalSection
	GlobalSection(ProjectConfigurationPlatforms) = postSolution
		{417D6F04-788E-4F95-9519-9987B62D2F19}.Debug|Any CPU.ActiveCfg = Debug|Any CPU
		{417D6F04-788E-4F95-9519-9987B62D2F19}.Debug|Any CPU.Build.0 = Debug|Any CPU
		{417D6F04-788E-4F95-9519-9987B62D2F19}.Release|Any CPU.ActiveCfg = Release|Any CPU
		{417D6F04-788E-4F95-9519-9987B62D2F19}.Release|Any CPU.Build.0 = Release|Any CPU
	EndGlobalSection
	GlobalSection(SolutionProperties) = preSolution
		HideSolutionNode = FALSE
	EndGlobalSection
	GlobalSection(ExtensibilityGlobals) = postSolution
		SolutionGuid = {FF6D6CCC-7886-441C-8649-636495796AE9}
	EndGlobalSection
EndGlobal
