
Microsoft Visual Studio Solution File, Format Version 12.00
# Visual Studio Version 17
VisualStudioVersion = 17.8.34525.116
MinimumVisualStudioVersion = 10.0.40219.1
Project("{FAE04EC0-301F-11D3-BF4B-00C04F79EFBC}") = "Константы", "Константы\Константы.csproj", "{166B1A7F-3FAD-4CAD-A678-043EDDE2B04B}"
EndProject
Global
	GlobalSection(SolutionConfigurationPlatforms) = preSolution
		Debug|Any CPU = Debug|Any CPU
		Release|Any CPU = Release|Any CPU
	EndGlobalSection
	GlobalSection(ProjectConfigurationPlatforms) = postSolution
		{166B1A7F-3FAD-4CAD-A678-043EDDE2B04B}.Debug|Any CPU.ActiveCfg = Debug|Any CPU
		{166B1A7F-3FAD-4CAD-A678-043EDDE2B04B}.Debug|Any CPU.Build.0 = Debug|Any CPU
		{166B1A7F-3FAD-4CAD-A678-043EDDE2B04B}.Release|Any CPU.ActiveCfg = Release|Any CPU
		{166B1A7F-3FAD-4CAD-A678-043EDDE2B04B}.Release|Any CPU.Build.0 = Release|Any CPU
	EndGlobalSection
	GlobalSection(SolutionProperties) = preSolution
		HideSolutionNode = FALSE
	EndGlobalSection
	GlobalSection(ExtensibilityGlobals) = postSolution
		SolutionGuid = {F287DD1A-CF1C-4863-942C-DC71F503651A}
	EndGlobalSection
EndGlobal
